// !$*UTF8*$!
{
	archiveVersion = 1;
	classes = {
	};
	objectVersion = 55;
	objects = {

/* Begin PBXBuildFile section */
		504ABDA827BCC34A0B756027 /* Pods_Localization.framework in Frameworks */ = {isa = PBXBuildFile; fileRef = 3ADAE2F8894DD4B2F740FE6D /* Pods_Localization.framework */; };
		7E68F8DCDCA9D0BBA140D6C7 /* Pods_Localization_LocalizationUITests.framework in Frameworks */ = {isa = PBXBuildFile; fileRef = 1E6296A947EC16544AB8A352 /* Pods_Localization_LocalizationUITests.framework */; };
		806B1CB15545CDA95E199491 /* Pods_LocalizationTests.framework in Frameworks */ = {isa = PBXBuildFile; fileRef = 798E4913111848B15FC7D562 /* Pods_LocalizationTests.framework */; };
		F781B4BB27B64CF800CE3EAE /* AppDelegate.swift in Sources */ = {isa = PBXBuildFile; fileRef = F781B4BA27B64CF800CE3EAE /* AppDelegate.swift */; };
		F781B4BD27B64CF800CE3EAE /* SceneDelegate.swift in Sources */ = {isa = PBXBuildFile; fileRef = F781B4BC27B64CF800CE3EAE /* SceneDelegate.swift */; };
		F781B4BF27B64CF800CE3EAE /* ViewController.swift in Sources */ = {isa = PBXBuildFile; fileRef = F781B4BE27B64CF800CE3EAE /* ViewController.swift */; };
		F781B4C227B64CF800CE3EAE /* Main.storyboard in Resources */ = {isa = PBXBuildFile; fileRef = F781B4C027B64CF800CE3EAE /* Main.storyboard */; };
		F781B4C427B64CFB00CE3EAE /* Assets.xcassets in Resources */ = {isa = PBXBuildFile; fileRef = F781B4C327B64CFB00CE3EAE /* Assets.xcassets */; };
		F781B4C727B64CFB00CE3EAE /* LaunchScreen.storyboard in Resources */ = {isa = PBXBuildFile; fileRef = F781B4C527B64CFB00CE3EAE /* LaunchScreen.storyboard */; };
		F781B4D227B64CFC00CE3EAE /* LocalizationTests.swift in Sources */ = {isa = PBXBuildFile; fileRef = F781B4D127B64CFC00CE3EAE /* LocalizationTests.swift */; };
		F781B4DC27B64CFC00CE3EAE /* LocalizationUITests.swift in Sources */ = {isa = PBXBuildFile; fileRef = F781B4DB27B64CFC00CE3EAE /* LocalizationUITests.swift */; };
		F781B4DE27B64CFC00CE3EAE /* LocalizationUITestsLaunchTests.swift in Sources */ = {isa = PBXBuildFile; fileRef = F781B4DD27B64CFC00CE3EAE /* LocalizationUITestsLaunchTests.swift */; };
		F781B4ED27B65DA100CE3EAE /* GoogleService-Info.plist in Resources */ = {isa = PBXBuildFile; fileRef = F781B4EC27B65DA100CE3EAE /* GoogleService-Info.plist */; };
		F781B4EF27B65FE800CE3EAE /* RemoteConfigDefaults.plist in Resources */ = {isa = PBXBuildFile; fileRef = F781B4EE27B65FE800CE3EAE /* RemoteConfigDefaults.plist */; };
/* End PBXBuildFile section */

/* Begin PBXContainerItemProxy section */
		F781B4CE27B64CFC00CE3EAE /* PBXContainerItemProxy */ = {
			isa = PBXContainerItemProxy;
			containerPortal = F781B4AF27B64CF800CE3EAE /* Project object */;
			proxyType = 1;
			remoteGlobalIDString = F781B4B627B64CF800CE3EAE;
			remoteInfo = Localization;
		};
		F781B4D827B64CFC00CE3EAE /* PBXContainerItemProxy */ = {
			isa = PBXContainerItemProxy;
			containerPortal = F781B4AF27B64CF800CE3EAE /* Project object */;
			proxyType = 1;
			remoteGlobalIDString = F781B4B627B64CF800CE3EAE;
			remoteInfo = Localization;
		};
/* End PBXContainerItemProxy section */

/* Begin PBXFileReference section */
		0C7311B78FC87A37B7DDEF62 /* Pods-Localization-LocalizationUITests.release.xcconfig */ = {isa = PBXFileReference; includeInIndex = 1; lastKnownFileType = text.xcconfig; name = "Pods-Localization-LocalizationUITests.release.xcconfig"; path = "Target Support Files/Pods-Localization-LocalizationUITests/Pods-Localization-LocalizationUITests.release.xcconfig"; sourceTree = "<group>"; };
		1E6296A947EC16544AB8A352 /* Pods_Localization_LocalizationUITests.framework */ = {isa = PBXFileReference; explicitFileType = wrapper.framework; includeInIndex = 0; path = Pods_Localization_LocalizationUITests.framework; sourceTree = BUILT_PRODUCTS_DIR; };
		3ADAE2F8894DD4B2F740FE6D /* Pods_Localization.framework */ = {isa = PBXFileReference; explicitFileType = wrapper.framework; includeInIndex = 0; path = Pods_Localization.framework; sourceTree = BUILT_PRODUCTS_DIR; };
		6C1CFDC182241A06DED7FFE9 /* Pods-Localization-LocalizationUITests.debug.xcconfig */ = {isa = PBXFileReference; includeInIndex = 1; lastKnownFileType = text.xcconfig; name = "Pods-Localization-LocalizationUITests.debug.xcconfig"; path = "Target Support Files/Pods-Localization-LocalizationUITests/Pods-Localization-LocalizationUITests.debug.xcconfig"; sourceTree = "<group>"; };
		798E4913111848B15FC7D562 /* Pods_LocalizationTests.framework */ = {isa = PBXFileReference; explicitFileType = wrapper.framework; includeInIndex = 0; path = Pods_LocalizationTests.framework; sourceTree = BUILT_PRODUCTS_DIR; };
		8AB608F4768841EF1792D0C0 /* Pods-LocalizationTests.debug.xcconfig */ = {isa = PBXFileReference; includeInIndex = 1; lastKnownFileType = text.xcconfig; name = "Pods-LocalizationTests.debug.xcconfig"; path = "Target Support Files/Pods-LocalizationTests/Pods-LocalizationTests.debug.xcconfig"; sourceTree = "<group>"; };
		A5F66BEC1C056E2E350C95B5 /* Pods-Localization.debug.xcconfig */ = {isa = PBXFileReference; includeInIndex = 1; lastKnownFileType = text.xcconfig; name = "Pods-Localization.debug.xcconfig"; path = "Target Support Files/Pods-Localization/Pods-Localization.debug.xcconfig"; sourceTree = "<group>"; };
		ABB48803E286834D4C58587F /* Pods-Localization.release.xcconfig */ = {isa = PBXFileReference; includeInIndex = 1; lastKnownFileType = text.xcconfig; name = "Pods-Localization.release.xcconfig"; path = "Target Support Files/Pods-Localization/Pods-Localization.release.xcconfig"; sourceTree = "<group>"; };
		F28F6858589B38F9763ED24A /* Pods-LocalizationTests.release.xcconfig */ = {isa = PBXFileReference; includeInIndex = 1; lastKnownFileType = text.xcconfig; name = "Pods-LocalizationTests.release.xcconfig"; path = "Target Support Files/Pods-LocalizationTests/Pods-LocalizationTests.release.xcconfig"; sourceTree = "<group>"; };
		F781B4B727B64CF800CE3EAE /* Localization.app */ = {isa = PBXFileReference; explicitFileType = wrapper.application; includeInIndex = 0; path = Localization.app; sourceTree = BUILT_PRODUCTS_DIR; };
		F781B4BA27B64CF800CE3EAE /* AppDelegate.swift */ = {isa = PBXFileReference; lastKnownFileType = sourcecode.swift; path = AppDelegate.swift; sourceTree = "<group>"; };
		F781B4BC27B64CF800CE3EAE /* SceneDelegate.swift */ = {isa = PBXFileReference; lastKnownFileType = sourcecode.swift; path = SceneDelegate.swift; sourceTree = "<group>"; };
		F781B4BE27B64CF800CE3EAE /* ViewController.swift */ = {isa = PBXFileReference; lastKnownFileType = sourcecode.swift; path = ViewController.swift; sourceTree = "<group>"; };
		F781B4C127B64CF800CE3EAE /* Base */ = {isa = PBXFileReference; lastKnownFileType = file.storyboard; name = Base; path = Base.lproj/Main.storyboard; sourceTree = "<group>"; };
		F781B4C327B64CFB00CE3EAE /* Assets.xcassets */ = {isa = PBXFileReference; lastKnownFileType = folder.assetcatalog; path = Assets.xcassets; sourceTree = "<group>"; };
		F781B4C627B64CFB00CE3EAE /* Base */ = {isa = PBXFileReference; lastKnownFileType = file.storyboard; name = Base; path = Base.lproj/LaunchScreen.storyboard; sourceTree = "<group>"; };
		F781B4C827B64CFB00CE3EAE /* Info.plist */ = {isa = PBXFileReference; lastKnownFileType = text.plist.xml; path = Info.plist; sourceTree = "<group>"; };
		F781B4CD27B64CFC00CE3EAE /* LocalizationTests.xctest */ = {isa = PBXFileReference; explicitFileType = wrapper.cfbundle; includeInIndex = 0; path = LocalizationTests.xctest; sourceTree = BUILT_PRODUCTS_DIR; };
		F781B4D127B64CFC00CE3EAE /* LocalizationTests.swift */ = {isa = PBXFileReference; lastKnownFileType = sourcecode.swift; path = LocalizationTests.swift; sourceTree = "<group>"; };
		F781B4D727B64CFC00CE3EAE /* LocalizationUITests.xctest */ = {isa = PBXFileReference; explicitFileType = wrapper.cfbundle; includeInIndex = 0; path = LocalizationUITests.xctest; sourceTree = BUILT_PRODUCTS_DIR; };
		F781B4DB27B64CFC00CE3EAE /* LocalizationUITests.swift */ = {isa = PBXFileReference; lastKnownFileType = sourcecode.swift; path = LocalizationUITests.swift; sourceTree = "<group>"; };
		F781B4DD27B64CFC00CE3EAE /* LocalizationUITestsLaunchTests.swift */ = {isa = PBXFileReference; lastKnownFileType = sourcecode.swift; path = LocalizationUITestsLaunchTests.swift; sourceTree = "<group>"; };
		F781B4EC27B65DA100CE3EAE /* GoogleService-Info.plist */ = {isa = PBXFileReference; fileEncoding = 4; lastKnownFileType = text.plist.xml; path = "GoogleService-Info.plist"; sourceTree = "<group>"; };
		F781B4EE27B65FE800CE3EAE /* RemoteConfigDefaults.plist */ = {isa = PBXFileReference; lastKnownFileType = text.plist.xml; path = RemoteConfigDefaults.plist; sourceTree = "<group>"; };
/* End PBXFileReference section */

/* Begin PBXFrameworksBuildPhase section */
		F781B4B427B64CF800CE3EAE /* Frameworks */ = {
			isa = PBXFrameworksBuildPhase;
			buildActionMask = 2147483647;
			files = (
				504ABDA827BCC34A0B756027 /* Pods_Localization.framework in Frameworks */,
			);
			runOnlyForDeploymentPostprocessing = 0;
		};
		F781B4CA27B64CFC00CE3EAE /* Frameworks */ = {
			isa = PBXFrameworksBuildPhase;
			buildActionMask = 2147483647;
			files = (
				806B1CB15545CDA95E199491 /* Pods_LocalizationTests.framework in Frameworks */,
			);
			runOnlyForDeploymentPostprocessing = 0;
		};
		F781B4D427B64CFC00CE3EAE /* Frameworks */ = {
			isa = PBXFrameworksBuildPhase;
			buildActionMask = 2147483647;
			files = (
				7E68F8DCDCA9D0BBA140D6C7 /* Pods_Localization_LocalizationUITests.framework in Frameworks */,
			);
			runOnlyForDeploymentPostprocessing = 0;
		};
/* End PBXFrameworksBuildPhase section */

/* Begin PBXGroup section */
		86057B467FCB0D513F9B1AE0 /* Pods */ = {
			isa = PBXGroup;
			children = (
				A5F66BEC1C056E2E350C95B5 /* Pods-Localization.debug.xcconfig */,
				ABB48803E286834D4C58587F /* Pods-Localization.release.xcconfig */,
				6C1CFDC182241A06DED7FFE9 /* Pods-Localization-LocalizationUITests.debug.xcconfig */,
				0C7311B78FC87A37B7DDEF62 /* Pods-Localization-LocalizationUITests.release.xcconfig */,
				8AB608F4768841EF1792D0C0 /* Pods-LocalizationTests.debug.xcconfig */,
				F28F6858589B38F9763ED24A /* Pods-LocalizationTests.release.xcconfig */,
			);
			path = Pods;
			sourceTree = "<group>";
		};
		A74FE062F0C9221ACA35EAB9 /* Frameworks */ = {
			isa = PBXGroup;
			children = (
				3ADAE2F8894DD4B2F740FE6D /* Pods_Localization.framework */,
				1E6296A947EC16544AB8A352 /* Pods_Localization_LocalizationUITests.framework */,
				798E4913111848B15FC7D562 /* Pods_LocalizationTests.framework */,
			);
			name = Frameworks;
			sourceTree = "<group>";
		};
		F781B4AE27B64CF800CE3EAE = {
			isa = PBXGroup;
			children = (
				F781B4B927B64CF800CE3EAE /* Localization */,
				F781B4D027B64CFC00CE3EAE /* LocalizationTests */,
				F781B4DA27B64CFC00CE3EAE /* LocalizationUITests */,
				F781B4B827B64CF800CE3EAE /* Products */,
				86057B467FCB0D513F9B1AE0 /* Pods */,
				A74FE062F0C9221ACA35EAB9 /* Frameworks */,
			);
			sourceTree = "<group>";
		};
		F781B4B827B64CF800CE3EAE /* Products */ = {
			isa = PBXGroup;
			children = (
				F781B4B727B64CF800CE3EAE /* Localization.app */,
				F781B4CD27B64CFC00CE3EAE /* LocalizationTests.xctest */,
				F781B4D727B64CFC00CE3EAE /* LocalizationUITests.xctest */,
			);
			name = Products;
			sourceTree = "<group>";
		};
		F781B4B927B64CF800CE3EAE /* Localization */ = {
			isa = PBXGroup;
			children = (
				F781B4BA27B64CF800CE3EAE /* AppDelegate.swift */,
				F781B4BC27B64CF800CE3EAE /* SceneDelegate.swift */,
				F781B4BE27B64CF800CE3EAE /* ViewController.swift */,
				F781B4EC27B65DA100CE3EAE /* GoogleService-Info.plist */,
				F781B4C027B64CF800CE3EAE /* Main.storyboard */,
				F781B4C327B64CFB00CE3EAE /* Assets.xcassets */,
				F781B4C527B64CFB00CE3EAE /* LaunchScreen.storyboard */,
				F781B4C827B64CFB00CE3EAE /* Info.plist */,
				F781B4EE27B65FE800CE3EAE /* RemoteConfigDefaults.plist */,
			);
			path = Localization;
			sourceTree = "<group>";
		};
		F781B4D027B64CFC00CE3EAE /* LocalizationTests */ = {
			isa = PBXGroup;
			children = (
				F781B4D127B64CFC00CE3EAE /* LocalizationTests.swift */,
			);
			path = LocalizationTests;
			sourceTree = "<group>";
		};
		F781B4DA27B64CFC00CE3EAE /* LocalizationUITests */ = {
			isa = PBXGroup;
			children = (
				F781B4DB27B64CFC00CE3EAE /* LocalizationUITests.swift */,
				F781B4DD27B64CFC00CE3EAE /* LocalizationUITestsLaunchTests.swift */,
			);
			path = LocalizationUITests;
			sourceTree = "<group>";
		};
/* End PBXGroup section */

/* Begin PBXNativeTarget section */
		F781B4B627B64CF800CE3EAE /* Localization */ = {
			isa = PBXNativeTarget;
			buildConfigurationList = F781B4E127B64CFC00CE3EAE /* Build configuration list for PBXNativeTarget "Localization" */;
			buildPhases = (
				D6ED731F91F08E837BFACADD /* [CP] Check Pods Manifest.lock */,
				F781B4B327B64CF800CE3EAE /* Sources */,
				F781B4B427B64CF800CE3EAE /* Frameworks */,
				F781B4B527B64CF800CE3EAE /* Resources */,
				4AC87971AE0FA9CCDFD8E05E /* [CP] Embed Pods Frameworks */,
			);
			buildRules = (
			);
			dependencies = (
			);
			name = Localization;
			productName = Localization;
			productReference = F781B4B727B64CF800CE3EAE /* Localization.app */;
			productType = "com.apple.product-type.application";
		};
		F781B4CC27B64CFC00CE3EAE /* LocalizationTests */ = {
			isa = PBXNativeTarget;
			buildConfigurationList = F781B4E427B64CFC00CE3EAE /* Build configuration list for PBXNativeTarget "LocalizationTests" */;
			buildPhases = (
				6870BBED70561BF7899C4454 /* [CP] Check Pods Manifest.lock */,
				F781B4C927B64CFC00CE3EAE /* Sources */,
				F781B4CA27B64CFC00CE3EAE /* Frameworks */,
				F781B4CB27B64CFC00CE3EAE /* Resources */,
			);
			buildRules = (
			);
			dependencies = (
				F781B4CF27B64CFC00CE3EAE /* PBXTargetDependency */,
			);
			name = LocalizationTests;
			productName = LocalizationTests;
			productReference = F781B4CD27B64CFC00CE3EAE /* LocalizationTests.xctest */;
			productType = "com.apple.product-type.bundle.unit-test";
		};
		F781B4D627B64CFC00CE3EAE /* LocalizationUITests */ = {
			isa = PBXNativeTarget;
			buildConfigurationList = F781B4E727B64CFC00CE3EAE /* Build configuration list for PBXNativeTarget "LocalizationUITests" */;
			buildPhases = (
				5FB6BED215117C8943BFFC04 /* [CP] Check Pods Manifest.lock */,
				F781B4D327B64CFC00CE3EAE /* Sources */,
				F781B4D427B64CFC00CE3EAE /* Frameworks */,
				F781B4D527B64CFC00CE3EAE /* Resources */,
				DD31A8EAD44421BDBC9FBD3F /* [CP] Embed Pods Frameworks */,
			);
			buildRules = (
			);
			dependencies = (
				F781B4D927B64CFC00CE3EAE /* PBXTargetDependency */,
			);
			name = LocalizationUITests;
			productName = LocalizationUITests;
			productReference = F781B4D727B64CFC00CE3EAE /* LocalizationUITests.xctest */;
			productType = "com.apple.product-type.bundle.ui-testing";
		};
/* End PBXNativeTarget section */

/* Begin PBXProject section */
		F781B4AF27B64CF800CE3EAE /* Project object */ = {
			isa = PBXProject;
			attributes = {
				BuildIndependentTargetsInParallel = 1;
				LastSwiftUpdateCheck = 1320;
				LastUpgradeCheck = 1320;
				TargetAttributes = {
					F781B4B627B64CF800CE3EAE = {
						CreatedOnToolsVersion = 13.2.1;
					};
					F781B4CC27B64CFC00CE3EAE = {
						CreatedOnToolsVersion = 13.2.1;
						TestTargetID = F781B4B627B64CF800CE3EAE;
					};
					F781B4D627B64CFC00CE3EAE = {
						CreatedOnToolsVersion = 13.2.1;
						TestTargetID = F781B4B627B64CF800CE3EAE;
					};
				};
			};
			buildConfigurationList = F781B4B227B64CF800CE3EAE /* Build configuration list for PBXProject "Localization" */;
			compatibilityVersion = "Xcode 13.0";
			developmentRegion = en;
			hasScannedForEncodings = 0;
			knownRegions = (
				en,
				Base,
			);
			mainGroup = F781B4AE27B64CF800CE3EAE;
			productRefGroup = F781B4B827B64CF800CE3EAE /* Products */;
			projectDirPath = "";
			projectRoot = "";
			targets = (
				F781B4B627B64CF800CE3EAE /* Localization */,
				F781B4CC27B64CFC00CE3EAE /* LocalizationTests */,
				F781B4D627B64CFC00CE3EAE /* LocalizationUITests */,
			);
		};
/* End PBXProject section */

/* Begin PBXResourcesBuildPhase section */
		F781B4B527B64CF800CE3EAE /* Resources */ = {
			isa = PBXResourcesBuildPhase;
			buildActionMask = 2147483647;
			files = (
				F781B4C727B64CFB00CE3EAE /* LaunchScreen.storyboard in Resources */,
				F781B4EF27B65FE800CE3EAE /* RemoteConfigDefaults.plist in Resources */,
				F781B4ED27B65DA100CE3EAE /* GoogleService-Info.plist in Resources */,
				F781B4C427B64CFB00CE3EAE /* Assets.xcassets in Resources */,
				F781B4C227B64CF800CE3EAE /* Main.storyboard in Resources */,
			);
			runOnlyForDeploymentPostprocessing = 0;
		};
		F781B4CB27B64CFC00CE3EAE /* Resources */ = {
			isa = PBXResourcesBuildPhase;
			buildActionMask = 2147483647;
			files = (
			);
			runOnlyForDeploymentPostprocessing = 0;
		};
		F781B4D527B64CFC00CE3EAE /* Resources */ = {
			isa = PBXResourcesBuildPhase;
			buildActionMask = 2147483647;
			files = (
			);
			runOnlyForDeploymentPostprocessing = 0;
		};
/* End PBXResourcesBuildPhase section */

/* Begin PBXShellScriptBuildPhase section */
		4AC87971AE0FA9CCDFD8E05E /* [CP] Embed Pods Frameworks */ = {
			isa = PBXShellScriptBuildPhase;
			buildActionMask = 2147483647;
			files = (
			);
			inputFileListPaths = (
				"${PODS_ROOT}/Target Support Files/Pods-Localization/Pods-Localization-frameworks-${CONFIGURATION}-input-files.xcfilelist",
			);
			name = "[CP] Embed Pods Frameworks";
			outputFileListPaths = (
				"${PODS_ROOT}/Target Support Files/Pods-Localization/Pods-Localization-frameworks-${CONFIGURATION}-output-files.xcfilelist",
			);
			runOnlyForDeploymentPostprocessing = 0;
			shellPath = /bin/sh;
			shellScript = "\"${PODS_ROOT}/Target Support Files/Pods-Localization/Pods-Localization-frameworks.sh\"\n";
			showEnvVarsInLog = 0;
		};
		5FB6BED215117C8943BFFC04 /* [CP] Check Pods Manifest.lock */ = {
			isa = PBXShellScriptBuildPhase;
			buildActionMask = 2147483647;
			files = (
			);
			inputFileListPaths = (
			);
			inputPaths = (
				"${PODS_PODFILE_DIR_PATH}/Podfile.lock",
				"${PODS_ROOT}/Manifest.lock",
			);
			name = "[CP] Check Pods Manifest.lock";
			outputFileListPaths = (
			);
			outputPaths = (
				"$(DERIVED_FILE_DIR)/Pods-Localization-LocalizationUITests-checkManifestLockResult.txt",
			);
			runOnlyForDeploymentPostprocessing = 0;
			shellPath = /bin/sh;
			shellScript = "diff \"${PODS_PODFILE_DIR_PATH}/Podfile.lock\" \"${PODS_ROOT}/Manifest.lock\" > /dev/null\nif [ $? != 0 ] ; then\n    # print error to STDERR\n    echo \"error: The sandbox is not in sync with the Podfile.lock. Run 'pod install' or update your CocoaPods installation.\" >&2\n    exit 1\nfi\n# This output is used by Xcode 'outputs' to avoid re-running this script phase.\necho \"SUCCESS\" > \"${SCRIPT_OUTPUT_FILE_0}\"\n";
			showEnvVarsInLog = 0;
		};
		6870BBED70561BF7899C4454 /* [CP] Check Pods Manifest.lock */ = {
			isa = PBXShellScriptBuildPhase;
			buildActionMask = 2147483647;
			files = (
			);
			inputFileListPaths = (
			);
			inputPaths = (
				"${PODS_PODFILE_DIR_PATH}/Podfile.lock",
				"${PODS_ROOT}/Manifest.lock",
			);
			name = "[CP] Check Pods Manifest.lock";
			outputFileListPaths = (
			);
			outputPaths = (
				"$(DERIVED_FILE_DIR)/Pods-LocalizationTests-checkManifestLockResult.txt",
			);
			runOnlyForDeploymentPostprocessing = 0;
			shellPath = /bin/sh;
			shellScript = "diff \"${PODS_PODFILE_DIR_PATH}/Podfile.lock\" \"${PODS_ROOT}/Manifest.lock\" > /dev/null\nif [ $? != 0 ] ; then\n    # print error to STDERR\n    echo \"error: The sandbox is not in sync with the Podfile.lock. Run 'pod install' or update your CocoaPods installation.\" >&2\n    exit 1\nfi\n# This output is used by Xcode 'outputs' to avoid re-running this script phase.\necho \"SUCCESS\" > \"${SCRIPT_OUTPUT_FILE_0}\"\n";
			showEnvVarsInLog = 0;
		};
		D6ED731F91F08E837BFACADD /* [CP] Check Pods Manifest.lock */ = {
			isa = PBXShellScriptBuildPhase;
			buildActionMask = 2147483647;
			files = (
			);
			inputFileListPaths = (
			);
			inputPaths = (
				"${PODS_PODFILE_DIR_PATH}/Podfile.lock",
				"${PODS_ROOT}/Manifest.lock",
			);
			name = "[CP] Check Pods Manifest.lock";
			outputFileListPaths = (
			);
			outputPaths = (
				"$(DERIVED_FILE_DIR)/Pods-Localization-checkManifestLockResult.txt",
			);
			runOnlyForDeploymentPostprocessing = 0;
			shellPath = /bin/sh;
			shellScript = "diff \"${PODS_PODFILE_DIR_PATH}/Podfile.lock\" \"${PODS_ROOT}/Manifest.lock\" > /dev/null\nif [ $? != 0 ] ; then\n    # print error to STDERR\n    echo \"error: The sandbox is not in sync with the Podfile.lock. Run 'pod install' or update your CocoaPods installation.\" >&2\n    exit 1\nfi\n# This output is used by Xcode 'outputs' to avoid re-running this script phase.\necho \"SUCCESS\" > \"${SCRIPT_OUTPUT_FILE_0}\"\n";
			showEnvVarsInLog = 0;
		};
		DD31A8EAD44421BDBC9FBD3F /* [CP] Embed Pods Frameworks */ = {
			isa = PBXShellScriptBuildPhase;
			buildActionMask = 2147483647;
			files = (
			);
			inputFileListPaths = (
				"${PODS_ROOT}/Target Support Files/Pods-Localization-LocalizationUITests/Pods-Localization-LocalizationUITests-frameworks-${CONFIGURATION}-input-files.xcfilelist",
			);
			name = "[CP] Embed Pods Frameworks";
			outputFileListPaths = (
				"${PODS_ROOT}/Target Support Files/Pods-Localization-LocalizationUITests/Pods-Localization-LocalizationUITests-frameworks-${CONFIGURATION}-output-files.xcfilelist",
			);
			runOnlyForDeploymentPostprocessing = 0;
			shellPath = /bin/sh;
			shellScript = "\"${PODS_ROOT}/Target Support Files/Pods-Localization-LocalizationUITests/Pods-Localization-LocalizationUITests-frameworks.sh\"\n";
			showEnvVarsInLog = 0;
		};
/* End PBXShellScriptBuildPhase section */

/* Begin PBXSourcesBuildPhase section */
		F781B4B327B64CF800CE3EAE /* Sources */ = {
			isa = PBXSourcesBuildPhase;
			buildActionMask = 2147483647;
			files = (
				F781B4BF27B64CF800CE3EAE /* ViewController.swift in Sources */,
				F781B4BB27B64CF800CE3EAE /* AppDelegate.swift in Sources */,
				F781B4BD27B64CF800CE3EAE /* SceneDelegate.swift in Sources */,
			);
			runOnlyForDeploymentPostprocessing = 0;
		};
		F781B4C927B64CFC00CE3EAE /* Sources */ = {
			isa = PBXSourcesBuildPhase;
			buildActionMask = 2147483647;
			files = (
				F781B4D227B64CFC00CE3EAE /* LocalizationTests.swift in Sources */,
			);
			runOnlyForDeploymentPostprocessing = 0;
		};
		F781B4D327B64CFC00CE3EAE /* Sources */ = {
			isa = PBXSourcesBuildPhase;
			buildActionMask = 2147483647;
			files = (
				F781B4DC27B64CFC00CE3EAE /* LocalizationUITests.swift in Sources */,
				F781B4DE27B64CFC00CE3EAE /* LocalizationUITestsLaunchTests.swift in Sources */,
			);
			runOnlyForDeploymentPostprocessing = 0;
		};
/* End PBXSourcesBuildPhase section */

/* Begin PBXTargetDependency section */
		F781B4CF27B64CFC00CE3EAE /* PBXTargetDependency */ = {
			isa = PBXTargetDependency;
			target = F781B4B627B64CF800CE3EAE /* Localization */;
			targetProxy = F781B4CE27B64CFC00CE3EAE /* PBXContainerItemProxy */;
		};
		F781B4D927B64CFC00CE3EAE /* PBXTargetDependency */ = {
			isa = PBXTargetDependency;
			target = F781B4B627B64CF800CE3EAE /* Localization */;
			targetProxy = F781B4D827B64CFC00CE3EAE /* PBXContainerItemProxy */;
		};
/* End PBXTargetDependency section */

/* Begin PBXVariantGroup section */
		F781B4C027B64CF800CE3EAE /* Main.storyboard */ = {
			isa = PBXVariantGroup;
			children = (
				F781B4C127B64CF800CE3EAE /* Base */,
			);
			name = Main.storyboard;
			sourceTree = "<group>";
		};
		F781B4C527B64CFB00CE3EAE /* LaunchScreen.storyboard */ = {
			isa = PBXVariantGroup;
			children = (
				F781B4C627B64CFB00CE3EAE /* Base */,
			);
			name = LaunchScreen.storyboard;
			sourceTree = "<group>";
		};
/* End PBXVariantGroup section */

/* Begin XCBuildConfiguration section */
		F781B4DF27B64CFC00CE3EAE /* Debug */ = {
			isa = XCBuildConfiguration;
			buildSettings = {
				ALWAYS_SEARCH_USER_PATHS = NO;
				CLANG_ANALYZER_NONNULL = YES;
				CLANG_ANALYZER_NUMBER_OBJECT_CONVERSION = YES_AGGRESSIVE;
				CLANG_CXX_LANGUAGE_STANDARD = "gnu++17";
				CLANG_CXX_LIBRARY = "libc++";
				CLANG_ENABLE_MODULES = YES;
				CLANG_ENABLE_OBJC_ARC = YES;
				CLANG_ENABLE_OBJC_WEAK = YES;
				CLANG_WARN_BLOCK_CAPTURE_AUTORELEASING = YES;
				CLANG_WARN_BOOL_CONVERSION = YES;
				CLANG_WARN_COMMA = YES;
				CLANG_WARN_CONSTANT_CONVERSION = YES;
				CLANG_WARN_DEPRECATED_OBJC_IMPLEMENTATIONS = YES;
				CLANG_WARN_DIRECT_OBJC_ISA_USAGE = YES_ERROR;
				CLANG_WARN_DOCUMENTATION_COMMENTS = YES;
				CLANG_WARN_EMPTY_BODY = YES;
				CLANG_WARN_ENUM_CONVERSION = YES;
				CLANG_WARN_INFINITE_RECURSION = YES;
				CLANG_WARN_INT_CONVERSION = YES;
				CLANG_WARN_NON_LITERAL_NULL_CONVERSION = YES;
				CLANG_WARN_OBJC_IMPLICIT_RETAIN_SELF = YES;
				CLANG_WARN_OBJC_LITERAL_CONVERSION = YES;
				CLANG_WARN_OBJC_ROOT_CLASS = YES_ERROR;
				CLANG_WARN_QUOTED_INCLUDE_IN_FRAMEWORK_HEADER = YES;
				CLANG_WARN_RANGE_LOOP_ANALYSIS = YES;
				CLANG_WARN_STRICT_PROTOTYPES = YES;
				CLANG_WARN_SUSPICIOUS_MOVE = YES;
				CLANG_WARN_UNGUARDED_AVAILABILITY = YES_AGGRESSIVE;
				CLANG_WARN_UNREACHABLE_CODE = YES;
				CLANG_WARN__DUPLICATE_METHOD_MATCH = YES;
				COPY_PHASE_STRIP = NO;
				DEBUG_INFORMATION_FORMAT = dwarf;
				ENABLE_STRICT_OBJC_MSGSEND = YES;
				ENABLE_TESTABILITY = YES;
				GCC_C_LANGUAGE_STANDARD = gnu11;
				GCC_DYNAMIC_NO_PIC = NO;
				GCC_NO_COMMON_BLOCKS = YES;
				GCC_OPTIMIZATION_LEVEL = 0;
				GCC_PREPROCESSOR_DEFINITIONS = (
					"DEBUG=1",
					"$(inherited)",
				);
				GCC_WARN_64_TO_32_BIT_CONVERSION = YES;
				GCC_WARN_ABOUT_RETURN_TYPE = YES_ERROR;
				GCC_WARN_UNDECLARED_SELECTOR = YES;
				GCC_WARN_UNINITIALIZED_AUTOS = YES_AGGRESSIVE;
				GCC_WARN_UNUSED_FUNCTION = YES;
				GCC_WARN_UNUSED_VARIABLE = YES;
				IPHONEOS_DEPLOYMENT_TARGET = 15.2;
				MTL_ENABLE_DEBUG_INFO = INCLUDE_SOURCE;
				MTL_FAST_MATH = YES;
				ONLY_ACTIVE_ARCH = YES;
				SDKROOT = iphoneos;
				SWIFT_ACTIVE_COMPILATION_CONDITIONS = DEBUG;
				SWIFT_OPTIMIZATION_LEVEL = "-Onone";
			};
			name = Debug;
		};
		F781B4E027B64CFC00CE3EAE /* Release */ = {
			isa = XCBuildConfiguration;
			buildSettings = {
				ALWAYS_SEARCH_USER_PATHS = NO;
				CLANG_ANALYZER_NONNULL = YES;
				CLANG_ANALYZER_NUMBER_OBJECT_CONVERSION = YES_AGGRESSIVE;
				CLANG_CXX_LANGUAGE_STANDARD = "gnu++17";
				CLANG_CXX_LIBRARY = "libc++";
				CLANG_ENABLE_MODULES = YES;
				CLANG_ENABLE_OBJC_ARC = YES;
				CLANG_ENABLE_OBJC_WEAK = YES;
				CLANG_WARN_BLOCK_CAPTURE_AUTORELEASING = YES;
				CLANG_WARN_BOOL_CONVERSION = YES;
				CLANG_WARN_COMMA = YES;
				CLANG_WARN_CONSTANT_CONVERSION = YES;
				CLANG_WARN_DEPRECATED_OBJC_IMPLEMENTATIONS = YES;
				CLANG_WARN_DIRECT_OBJC_ISA_USAGE = YES_ERROR;
				CLANG_WARN_DOCUMENTATION_COMMENTS = YES;
				CLANG_WARN_EMPTY_BODY = YES;
				CLANG_WARN_ENUM_CONVERSION = YES;
				CLANG_WARN_INFINITE_RECURSION = YES;
				CLANG_WARN_INT_CONVERSION = YES;
				CLANG_WARN_NON_LITERAL_NULL_CONVERSION = YES;
				CLANG_WARN_OBJC_IMPLICIT_RETAIN_SELF = YES;
				CLANG_WARN_OBJC_LITERAL_CONVERSION = YES;
				CLANG_WARN_OBJC_ROOT_CLASS = YES_ERROR;
				CLANG_WARN_QUOTED_INCLUDE_IN_FRAMEWORK_HEADER = YES;
				CLANG_WARN_RANGE_LOOP_ANALYSIS = YES;
				CLANG_WARN_STRICT_PROTOTYPES = YES;
				CLANG_WARN_SUSPICIOUS_MOVE = YES;
				CLANG_WARN_UNGUARDED_AVAILABILITY = YES_AGGRESSIVE;
				CLANG_WARN_UNREACHABLE_CODE = YES;
				CLANG_WARN__DUPLICATE_METHOD_MATCH = YES;
				COPY_PHASE_STRIP = NO;
				DEBUG_INFORMATION_FORMAT = "dwarf-with-dsym";
				ENABLE_NS_ASSERTIONS = NO;
				ENABLE_STRICT_OBJC_MSGSEND = YES;
				GCC_C_LANGUAGE_STANDARD = gnu11;
				GCC_NO_COMMON_BLOCKS = YES;
				GCC_WARN_64_TO_32_BIT_CONVERSION = YES;
				GCC_WARN_ABOUT_RETURN_TYPE = YES_ERROR;
				GCC_WARN_UNDECLARED_SELECTOR = YES;
				GCC_WARN_UNINITIALIZED_AUTOS = YES_AGGRESSIVE;
				GCC_WARN_UNUSED_FUNCTION = YES;
				GCC_WARN_UNUSED_VARIABLE = YES;
				IPHONEOS_DEPLOYMENT_TARGET = 15.2;
				MTL_ENABLE_DEBUG_INFO = NO;
				MTL_FAST_MATH = YES;
				SDKROOT = iphoneos;
				SWIFT_COMPILATION_MODE = wholemodule;
				SWIFT_OPTIMIZATION_LEVEL = "-O";
				VALIDATE_PRODUCT = YES;
			};
			name = Release;
		};
		F781B4E227B64CFC00CE3EAE /* Debug */ = {
			isa = XCBuildConfiguration;
			baseConfigurationReference = A5F66BEC1C056E2E350C95B5 /* Pods-Localization.debug.xcconfig */;
			buildSettings = {
				ASSETCATALOG_COMPILER_APPICON_NAME = AppIcon;
				ASSETCATALOG_COMPILER_GLOBAL_ACCENT_COLOR_NAME = AccentColor;
				CODE_SIGN_STYLE = Automatic;
				CURRENT_PROJECT_VERSION = 1;
				GENERATE_INFOPLIST_FILE = YES;
				INFOPLIST_FILE = Localization/Info.plist;
				INFOPLIST_KEY_UIApplicationSupportsIndirectInputEvents = YES;
				INFOPLIST_KEY_UILaunchStoryboardName = LaunchScreen;
				INFOPLIST_KEY_UIMainStoryboardFile = Main;
				INFOPLIST_KEY_UISupportedInterfaceOrientations_iPad = "UIInterfaceOrientationPortrait UIInterfaceOrientationPortraitUpsideDown UIInterfaceOrientationLandscapeLeft UIInterfaceOrientationLandscapeRight";
				INFOPLIST_KEY_UISupportedInterfaceOrientations_iPhone = "UIInterfaceOrientationPortrait UIInterfaceOrientationLandscapeLeft UIInterfaceOrientationLandscapeRight";
				LD_RUNPATH_SEARCH_PATHS = (
					"$(inherited)",
					"@executable_path/Frameworks",
				);
				MARKETING_VERSION = 1.0;
				PRODUCT_BUNDLE_IDENTIFIER = com.wideclassrooms.Localization;
				PRODUCT_NAME = "$(TARGET_NAME)";
				SWIFT_EMIT_LOC_STRINGS = YES;
				SWIFT_VERSION = 5.0;
				TARGETED_DEVICE_FAMILY = "1,2";
			};
			name = Debug;
		};
		F781B4E327B64CFC00CE3EAE /* Release */ = {
			isa = XCBuildConfiguration;
			baseConfigurationReference = ABB48803E286834D4C58587F /* Pods-Localization.release.xcconfig */;
			buildSettings = {
				ASSETCATALOG_COMPILER_APPICON_NAME = AppIcon;
				ASSETCATALOG_COMPILER_GLOBAL_ACCENT_COLOR_NAME = AccentColor;
				CODE_SIGN_STYLE = Automatic;
				CURRENT_PROJECT_VERSION = 1;
				GENERATE_INFOPLIST_FILE = YES;
				INFOPLIST_FILE = Localization/Info.plist;
				INFOPLIST_KEY_UIApplicationSupportsIndirectInputEvents = YES;
				INFOPLIST_KEY_UILaunchStoryboardName = LaunchScreen;
				INFOPLIST_KEY_UIMainStoryboardFile = Main;
				INFOPLIST_KEY_UISupportedInterfaceOrientations_iPad = "UIInterfaceOrientationPortrait UIInterfaceOrientationPortraitUpsideDown UIInterfaceOrientationLandscapeLeft UIInterfaceOrientationLandscapeRight";
				INFOPLIST_KEY_UISupportedInterfaceOrientations_iPhone = "UIInterfaceOrientationPortrait UIInterfaceOrientationLandscapeLeft UIInterfaceOrientationLandscapeRight";
				LD_RUNPATH_SEARCH_PATHS = (
					"$(inherited)",
					"@executable_path/Frameworks",
				);
				MARKETING_VERSION = 1.0;
				PRODUCT_BUNDLE_IDENTIFIER = com.wideclassrooms.Localization;
				PRODUCT_NAME = "$(TARGET_NAME)";
				SWIFT_EMIT_LOC_STRINGS = YES;
				SWIFT_VERSION = 5.0;
				TARGETED_DEVICE_FAMILY = "1,2";
			};
			name = Release;
		};
		F781B4E527B64CFC00CE3EAE /* Debug */ = {
			isa = XCBuildConfiguration;
			baseConfigurationReference = 8AB608F4768841EF1792D0C0 /* Pods-LocalizationTests.debug.xcconfig */;
			buildSettings = {
				ALWAYS_EMBED_SWIFT_STANDARD_LIBRARIES = YES;
				BUNDLE_LOADER = "$(TEST_HOST)";
				CODE_SIGN_STYLE = Automatic;
				CURRENT_PROJECT_VERSION = 1;
				GENERATE_INFOPLIST_FILE = YES;
				IPHONEOS_DEPLOYMENT_TARGET = 15.2;
				MARKETING_VERSION = 1.0;
				PRODUCT_BUNDLE_IDENTIFIER = com.wideclassrooms.LocalizationTests;
				PRODUCT_NAME = "$(TARGET_NAME)";
				SWIFT_EMIT_LOC_STRINGS = NO;
				SWIFT_VERSION = 5.0;
				TARGETED_DEVICE_FAMILY = "1,2";
				TEST_HOST = "$(BUILT_PRODUCTS_DIR)/Localization.app/Localization";
			};
			name = Debug;
		};
		F781B4E627B64CFC00CE3EAE /* Release */ = {
			isa = XCBuildConfiguration;
			baseConfigurationReference = F28F6858589B38F9763ED24A /* Pods-LocalizationTests.release.xcconfig */;
			buildSettings = {
				ALWAYS_EMBED_SWIFT_STANDARD_LIBRARIES = YES;
				BUNDLE_LOADER = "$(TEST_HOST)";
				CODE_SIGN_STYLE = Automatic;
				CURRENT_PROJECT_VERSION = 1;
				GENERATE_INFOPLIST_FILE = YES;
				IPHONEOS_DEPLOYMENT_TARGET = 15.2;
				MARKETING_VERSION = 1.0;
				PRODUCT_BUNDLE_IDENTIFIER = com.wideclassrooms.LocalizationTests;
				PRODUCT_NAME = "$(TARGET_NAME)";
				SWIFT_EMIT_LOC_STRINGS = NO;
				SWIFT_VERSION = 5.0;
				TARGETED_DEVICE_FAMILY = "1,2";
				TEST_HOST = "$(BUILT_PRODUCTS_DIR)/Localization.app/Localization";
			};
			name = Release;
		};
		F781B4E827B64CFC00CE3EAE /* Debug */ = {
			isa = XCBuildConfiguration;
			baseConfigurationReference = 6C1CFDC182241A06DED7FFE9 /* Pods-Localization-LocalizationUITests.debug.xcconfig */;
			buildSettings = {
				ALWAYS_EMBED_SWIFT_STANDARD_LIBRARIES = YES;
				CODE_SIGN_STYLE = Automatic;
				CURRENT_PROJECT_VERSION = 1;
				GENERATE_INFOPLIST_FILE = YES;
				MARKETING_VERSION = 1.0;
				PRODUCT_BUNDLE_IDENTIFIER = com.wideclassrooms.LocalizationUITests;
				PRODUCT_NAME = "$(TARGET_NAME)";
				SWIFT_EMIT_LOC_STRINGS = NO;
				SWIFT_VERSION = 5.0;
				TARGETED_DEVICE_FAMILY = "1,2";
				TEST_TARGET_NAME = Localization;
			};
			name = Debug;
		};
		F781B4E927B64CFC00CE3EAE /* Release */ = {
			isa = XCBuildConfiguration;
			baseConfigurationReference = 0C7311B78FC87A37B7DDEF62 /* Pods-Localization-LocalizationUITests.release.xcconfig */;
			buildSettings = {
				ALWAYS_EMBED_SWIFT_STANDARD_LIBRARIES = YES;
				CODE_SIGN_STYLE = Automatic;
				CURRENT_PROJECT_VERSION = 1;
				GENERATE_INFOPLIST_FILE = YES;
				MARKETING_VERSION = 1.0;
				PRODUCT_BUNDLE_IDENTIFIER = com.wideclassrooms.LocalizationUITests;
				PRODUCT_NAME = "$(TARGET_NAME)";
				SWIFT_EMIT_LOC_STRINGS = NO;
				SWIFT_VERSION = 5.0;
				TARGETED_DEVICE_FAMILY = "1,2";
				TEST_TARGET_NAME = Localization;
			};
			name = Release;
		};
/* End XCBuildConfiguration section */

/* Begin XCConfigurationList section */
		F781B4B227B64CF800CE3EAE /* Build configuration list for PBXProject "Localization" */ = {
			isa = XCConfigurationList;
			buildConfigurations = (
				F781B4DF27B64CFC00CE3EAE /* Debug */,
				F781B4E027B64CFC00CE3EAE /* Release */,
			);
			defaultConfigurationIsVisible = 0;
			defaultConfigurationName = Release;
		};
		F781B4E127B64CFC00CE3EAE /* Build configuration list for PBXNativeTarget "Localization" */ = {
			isa = XCConfigurationList;
			buildConfigurations = (
				F781B4E227B64CFC00CE3EAE /* Debug */,
				F781B4E327B64CFC00CE3EAE /* Release */,
			);
			defaultConfigurationIsVisible = 0;
			defaultConfigurationName = Release;
		};
		F781B4E427B64CFC00CE3EAE /* Build configuration list for PBXNativeTarget "LocalizationTests" */ = {
			isa = XCConfigurationList;
			buildConfigurations = (
				F781B4E527B64CFC00CE3EAE /* Debug */,
				F781B4E627B64CFC00CE3EAE /* Release */,
			);
			defaultConfigurationIsVisible = 0;
			defaultConfigurationName = Release;
		};
		F781B4E727B64CFC00CE3EAE /* Build configuration list for PBXNativeTarget "LocalizationUITests" */ = {
			isa = XCConfigurationList;
			buildConfigurations = (
				F781B4E827B64CFC00CE3EAE /* Debug */,
				F781B4E927B64CFC00CE3EAE /* Release */,
			);
			defaultConfigurationIsVisible = 0;
			defaultConfigurationName = Release;
		};
/* End XCConfigurationList section */
	};
	rootObject = F781B4AF27B64CF800CE3EAE /* Project object */;
}
